
Microsoft Visual Studio Solution File, Format Version 12.00
# Visual Studio 2012
Project("{FAE04EC0-301F-11D3-BF4B-00C04F79EFBC}") = "RepeaterASP_1", "RepeaterASP_1\RepeaterASP_1.csproj", "{60F0ADFE-69F0-4294-87DF-17E7775F290C}"
EndProject
Global
	GlobalSection(SolutionConfigurationPlatforms) = preSolution
		Debug|Any CPU = Debug|Any CPU
		Release|Any CPU = Release|Any CPU
	EndGlobalSection
	GlobalSection(ProjectConfigurationPlatforms) = postSolution
		{60F0ADFE-69F0-4294-87DF-17E7775F290C}.Debug|Any CPU.ActiveCfg = Debug|Any CPU
		{60F0ADFE-69F0-4294-87DF-17E7775F290C}.Debug|Any CPU.Build.0 = Debug|Any CPU
		{60F0ADFE-69F0-4294-87DF-17E7775F290C}.Release|Any CPU.ActiveCfg = Release|Any CPU
		{60F0ADFE-69F0-4294-87DF-17E7775F290C}.Release|Any CPU.Build.0 = Release|Any CPU
	EndGlobalSection
	GlobalSection(SolutionProperties) = preSolution
		HideSolutionNode = FALSE
	EndGlobalSection
EndGlobal
